
Microsoft Visual Studio Solution File, Format Version 12.00
# Visual Studio 15
VisualStudioVersion = 15.0.28307.572
MinimumVisualStudioVersion = 10.0.40219.1
Project("{FAE04EC0-301F-11D3-BF4B-00C04F79EFBC}") = "MaximumContiguousArraySum", "MaximumContiguousArraySum\MaximumContiguousArraySum.csproj", "{1DCEA034-11FC-4F1F-A7C0-08B6A6752DDC}"
EndProject
Global
	GlobalSection(SolutionConfigurationPlatforms) = preSolution
		Debug|Any CPU = Debug|Any CPU
		Release|Any CPU = Release|Any CPU
	EndGlobalSection
	GlobalSection(ProjectConfigurationPlatforms) = postSolution
		{1DCEA034-11FC-4F1F-A7C0-08B6A6752DDC}.Debug|Any CPU.ActiveCfg = Debug|Any CPU
		{1DCEA034-11FC-4F1F-A7C0-08B6A6752DDC}.Debug|Any CPU.Build.0 = Debug|Any CPU
		{1DCEA034-11FC-4F1F-A7C0-08B6A6752DDC}.Release|Any CPU.ActiveCfg = Release|Any CPU
		{1DCEA034-11FC-4F1F-A7C0-08B6A6752DDC}.Release|Any CPU.Build.0 = Release|Any CPU
	EndGlobalSection
	GlobalSection(SolutionProperties) = preSolution
		HideSolutionNode = FALSE
	EndGlobalSection
	GlobalSection(ExtensibilityGlobals) = postSolution
		SolutionGuid = {E17FB6F8-13B5-4B79-9F77-04B1AA2D2A4C}
	EndGlobalSection
EndGlobal
